
Microsoft Visual Studio Solution File, Format Version 12.00
# Visual Studio 15
VisualStudioVersion = 15.0.28307.1525
MinimumVisualStudioVersion = 10.0.40219.1
Project("{FAE04EC0-301F-11D3-BF4B-00C04F79EFBC}") = "WpfApp3", "WpfApp3.csproj", "{03B67F92-1657-4FCE-9F6C-01247E48FC63}"
EndProject
Project("{FAE04EC0-301F-11D3-BF4B-00C04F79EFBC}") = "WpfApp4", "..\WpfApp4\WpfApp4.csproj", "{18796965-1EA1-4D84-B7FE-DF017785A2B9}"
EndProject
Project("{FAE04EC0-301F-11D3-BF4B-00C04F79EFBC}") = "WpfApp5", "WpfApp5\WpfApp5.csproj", "{15958AEB-784C-421F-BD87-600A9EB8DDD4}"
EndProject
Global
	GlobalSection(SolutionConfigurationPlatforms) = preSolution
		Debug|Any CPU = Debug|Any CPU
		Release|Any CPU = Release|Any CPU
	EndGlobalSection
	GlobalSection(ProjectConfigurationPlatforms) = postSolution
		{03B67F92-1657-4FCE-9F6C-01247E48FC63}.Debug|Any CPU.ActiveCfg = Debug|Any CPU
		{03B67F92-1657-4FCE-9F6C-01247E48FC63}.Debug|Any CPU.Build.0 = Debug|Any CPU
		{03B67F92-1657-4FCE-9F6C-01247E48FC63}.Release|Any CPU.ActiveCfg = Release|Any CPU
		{03B67F92-1657-4FCE-9F6C-01247E48FC63}.Release|Any CPU.Build.0 = Release|Any CPU
		{18796965-1EA1-4D84-B7FE-DF017785A2B9}.Debug|Any CPU.ActiveCfg = Debug|Any CPU
		{18796965-1EA1-4D84-B7FE-DF017785A2B9}.Debug|Any CPU.Build.0 = Debug|Any CPU
		{18796965-1EA1-4D84-B7FE-DF017785A2B9}.Release|Any CPU.ActiveCfg = Release|Any CPU
		{18796965-1EA1-4D84-B7FE-DF017785A2B9}.Release|Any CPU.Build.0 = Release|Any CPU
		{15958AEB-784C-421F-BD87-600A9EB8DDD4}.Debug|Any CPU.ActiveCfg = Debug|Any CPU
		{15958AEB-784C-421F-BD87-600A9EB8DDD4}.Debug|Any CPU.Build.0 = Debug|Any CPU
		{15958AEB-784C-421F-BD87-600A9EB8DDD4}.Release|Any CPU.ActiveCfg = Release|Any CPU
		{15958AEB-784C-421F-BD87-600A9EB8DDD4}.Release|Any CPU.Build.0 = Release|Any CPU
	EndGlobalSection
	GlobalSection(SolutionProperties) = preSolution
		HideSolutionNode = FALSE
	EndGlobalSection
	GlobalSection(ExtensibilityGlobals) = postSolution
		SolutionGuid = {1F795C51-BEB6-4A8D-BBD8-2FCF4CDEC2ED}
	EndGlobalSection
EndGlobal
