
Microsoft Visual Studio Solution File, Format Version 12.00
# Visual Studio 15
VisualStudioVersion = 15.0.28307.1525
MinimumVisualStudioVersion = 10.0.40219.1
Project("{FAE04EC0-301F-11D3-BF4B-00C04F79EFBC}") = "ConsoleApp1", "ConsoleApp1\ConsoleApp1.csproj", "{1D006F65-9ADC-44EB-9AA4-7E8A4DF8E737}"
EndProject
Global
	GlobalSection(SolutionConfigurationPlatforms) = preSolution
		Debug|Any CPU = Debug|Any CPU
		Release|Any CPU = Release|Any CPU
	EndGlobalSection
	GlobalSection(ProjectConfigurationPlatforms) = postSolution
		{1D006F65-9ADC-44EB-9AA4-7E8A4DF8E737}.Debug|Any CPU.ActiveCfg = Debug|Any CPU
		{1D006F65-9ADC-44EB-9AA4-7E8A4DF8E737}.Debug|Any CPU.Build.0 = Debug|Any CPU
		{1D006F65-9ADC-44EB-9AA4-7E8A4DF8E737}.Release|Any CPU.ActiveCfg = Release|Any CPU
		{1D006F65-9ADC-44EB-9AA4-7E8A4DF8E737}.Release|Any CPU.Build.0 = Release|Any CPU
	EndGlobalSection
	GlobalSection(SolutionProperties) = preSolution
		HideSolutionNode = FALSE
	EndGlobalSection
	GlobalSection(ExtensibilityGlobals) = postSolution
		SolutionGuid = {8566020C-8ADD-4642-8175-A7C3BA4F7846}
	EndGlobalSection
EndGlobal
