
Microsoft Visual Studio Solution File, Format Version 12.00
# Visual Studio 15
VisualStudioVersion = 15.0.28307.1525
MinimumVisualStudioVersion = 10.0.40219.1
Project("{FAE04EC0-301F-11D3-BF4B-00C04F79EFBC}") = "ConsoleApp2", "ConsoleApp2\ConsoleApp2.csproj", "{098FC3B5-0F21-44BC-824F-8D5D976ECF3F}"
EndProject
Global
	GlobalSection(SolutionConfigurationPlatforms) = preSolution
		Debug|Any CPU = Debug|Any CPU
		Release|Any CPU = Release|Any CPU
	EndGlobalSection
	GlobalSection(ProjectConfigurationPlatforms) = postSolution
		{098FC3B5-0F21-44BC-824F-8D5D976ECF3F}.Debug|Any CPU.ActiveCfg = Debug|Any CPU
		{098FC3B5-0F21-44BC-824F-8D5D976ECF3F}.Debug|Any CPU.Build.0 = Debug|Any CPU
		{098FC3B5-0F21-44BC-824F-8D5D976ECF3F}.Release|Any CPU.ActiveCfg = Release|Any CPU
		{098FC3B5-0F21-44BC-824F-8D5D976ECF3F}.Release|Any CPU.Build.0 = Release|Any CPU
	EndGlobalSection
	GlobalSection(SolutionProperties) = preSolution
		HideSolutionNode = FALSE
	EndGlobalSection
	GlobalSection(ExtensibilityGlobals) = postSolution
		SolutionGuid = {81495FCB-84BE-4AF6-92A5-96595C5CE6A6}
	EndGlobalSection
EndGlobal
